
Microsoft Visual Studio Solution File, Format Version 12.00
# Visual Studio Version 17
VisualStudioVersion = 17.3.32901.215
MinimumVisualStudioVersion = 10.0.40219.1
Project("{2150E333-8FDC-42A3-9474-1A3956D46DE8}") = "Services", "Services", "{B9CC9D48-85C4-44EE-8AA4-29D61F42B0DF}"
EndProject
Project("{9A19103F-16F7-4668-BE54-9A1E7A4F7556}") = "MicroServices.ProductAPI", "MicroServices.ProductAPI\MicroServices.ProductAPI.csproj", "{C4C0B3E8-743C-49A3-9F5A-518655A698A0}"
EndProject
Project("{2150E333-8FDC-42A3-9474-1A3956D46DE8}") = "FrontEnd", "FrontEnd", "{CA6BD664-32E1-42FB-9728-AC89250932A3}"
EndProject
Project("{9A19103F-16F7-4668-BE54-9A1E7A4F7556}") = "MicroServices.Web", "MicroServices.Web\MicroServices.Web.csproj", "{E912D571-2C20-40EA-9032-A39A82018AAD}"
EndProject
Project("{9A19103F-16F7-4668-BE54-9A1E7A4F7556}") = "MicroServices.IdentityServer", "MicroServices.IdentityServer\MicroServices.IdentityServer.csproj", "{B4EA902A-E177-4538-B8CF-EF552CC8405B}"
EndProject
Project("{9A19103F-16F7-4668-BE54-9A1E7A4F7556}") = "MicroServices.CartAPI", "MicroServices.CartAPI\MicroServices.CartAPI.csproj", "{6C7F05F9-2690-4CCF-A78A-D328F64B9D5D}"
EndProject
Project("{9A19103F-16F7-4668-BE54-9A1E7A4F7556}") = "MicroServices.CouponAPI", "MicroServices.CouponAPI\MicroServices.CouponAPI.csproj", "{CC224D94-3B22-4674-942D-9E6948A85CD1}"
EndProject
Project("{2150E333-8FDC-42A3-9474-1A3956D46DE8}") = "Integration", "Integration", "{526DB296-7636-464D-A1FA-350E29D077F5}"
EndProject
Project("{9A19103F-16F7-4668-BE54-9A1E7A4F7556}") = "MicroServices.MessageBus", "MicroServices.MessageBus\MicroServices.MessageBus.csproj", "{D4695504-1865-4AFA-A766-9C5C70446433}"
EndProject
Project("{9A19103F-16F7-4668-BE54-9A1E7A4F7556}") = "MicroServices.OrderAPI", "MicroServices.OrderAPI\MicroServices.OrderAPI.csproj", "{40DF62B8-84D2-4642-A725-FE2AD358EB2E}"
EndProject
Project("{2150E333-8FDC-42A3-9474-1A3956D46DE8}") = "Payments", "Payments", "{380B96E6-9DB9-4369-ABD2-770232A54CB5}"
EndProject
Project("{FAE04EC0-301F-11D3-BF4B-00C04F79EFBC}") = "MicroServices.PaymentProcessor", "MicroServices.PaymentProcessor\MicroServices.PaymentProcessor.csproj", "{6632BBF0-8CAF-4407-B71F-C9A137E3532A}"
EndProject
Global
	GlobalSection(SolutionConfigurationPlatforms) = preSolution
		Debug|Any CPU = Debug|Any CPU
		Release|Any CPU = Release|Any CPU
	EndGlobalSection
	GlobalSection(ProjectConfigurationPlatforms) = postSolution
		{C4C0B3E8-743C-49A3-9F5A-518655A698A0}.Debug|Any CPU.ActiveCfg = Debug|Any CPU
		{C4C0B3E8-743C-49A3-9F5A-518655A698A0}.Debug|Any CPU.Build.0 = Debug|Any CPU
		{C4C0B3E8-743C-49A3-9F5A-518655A698A0}.Release|Any CPU.ActiveCfg = Release|Any CPU
		{C4C0B3E8-743C-49A3-9F5A-518655A698A0}.Release|Any CPU.Build.0 = Release|Any CPU
		{E912D571-2C20-40EA-9032-A39A82018AAD}.Debug|Any CPU.ActiveCfg = Debug|Any CPU
		{E912D571-2C20-40EA-9032-A39A82018AAD}.Debug|Any CPU.Build.0 = Debug|Any CPU
		{E912D571-2C20-40EA-9032-A39A82018AAD}.Release|Any CPU.ActiveCfg = Release|Any CPU
		{E912D571-2C20-40EA-9032-A39A82018AAD}.Release|Any CPU.Build.0 = Release|Any CPU
		{B4EA902A-E177-4538-B8CF-EF552CC8405B}.Debug|Any CPU.ActiveCfg = Debug|Any CPU
		{B4EA902A-E177-4538-B8CF-EF552CC8405B}.Debug|Any CPU.Build.0 = Debug|Any CPU
		{B4EA902A-E177-4538-B8CF-EF552CC8405B}.Release|Any CPU.ActiveCfg = Release|Any CPU
		{B4EA902A-E177-4538-B8CF-EF552CC8405B}.Release|Any CPU.Build.0 = Release|Any CPU
		{6C7F05F9-2690-4CCF-A78A-D328F64B9D5D}.Debug|Any CPU.ActiveCfg = Debug|Any CPU
		{6C7F05F9-2690-4CCF-A78A-D328F64B9D5D}.Debug|Any CPU.Build.0 = Debug|Any CPU
		{6C7F05F9-2690-4CCF-A78A-D328F64B9D5D}.Release|Any CPU.ActiveCfg = Release|Any CPU
		{6C7F05F9-2690-4CCF-A78A-D328F64B9D5D}.Release|Any CPU.Build.0 = Release|Any CPU
		{CC224D94-3B22-4674-942D-9E6948A85CD1}.Debug|Any CPU.ActiveCfg = Debug|Any CPU
		{CC224D94-3B22-4674-942D-9E6948A85CD1}.Debug|Any CPU.Build.0 = Debug|Any CPU
		{CC224D94-3B22-4674-942D-9E6948A85CD1}.Release|Any CPU.ActiveCfg = Release|Any CPU
		{CC224D94-3B22-4674-942D-9E6948A85CD1}.Release|Any CPU.Build.0 = Release|Any CPU
		{D4695504-1865-4AFA-A766-9C5C70446433}.Debug|Any CPU.ActiveCfg = Debug|Any CPU
		{D4695504-1865-4AFA-A766-9C5C70446433}.Debug|Any CPU.Build.0 = Debug|Any CPU
		{D4695504-1865-4AFA-A766-9C5C70446433}.Release|Any CPU.ActiveCfg = Release|Any CPU
		{D4695504-1865-4AFA-A766-9C5C70446433}.Release|Any CPU.Build.0 = Release|Any CPU
		{40DF62B8-84D2-4642-A725-FE2AD358EB2E}.Debug|Any CPU.ActiveCfg = Debug|Any CPU
		{40DF62B8-84D2-4642-A725-FE2AD358EB2E}.Debug|Any CPU.Build.0 = Debug|Any CPU
		{40DF62B8-84D2-4642-A725-FE2AD358EB2E}.Release|Any CPU.ActiveCfg = Release|Any CPU
		{40DF62B8-84D2-4642-A725-FE2AD358EB2E}.Release|Any CPU.Build.0 = Release|Any CPU
		{6632BBF0-8CAF-4407-B71F-C9A137E3532A}.Debug|Any CPU.ActiveCfg = Debug|Any CPU
		{6632BBF0-8CAF-4407-B71F-C9A137E3532A}.Debug|Any CPU.Build.0 = Debug|Any CPU
		{6632BBF0-8CAF-4407-B71F-C9A137E3532A}.Release|Any CPU.ActiveCfg = Release|Any CPU
		{6632BBF0-8CAF-4407-B71F-C9A137E3532A}.Release|Any CPU.Build.0 = Release|Any CPU
	EndGlobalSection
	GlobalSection(SolutionProperties) = preSolution
		HideSolutionNode = FALSE
	EndGlobalSection
	GlobalSection(NestedProjects) = preSolution
		{C4C0B3E8-743C-49A3-9F5A-518655A698A0} = {B9CC9D48-85C4-44EE-8AA4-29D61F42B0DF}
		{E912D571-2C20-40EA-9032-A39A82018AAD} = {CA6BD664-32E1-42FB-9728-AC89250932A3}
		{B4EA902A-E177-4538-B8CF-EF552CC8405B} = {B9CC9D48-85C4-44EE-8AA4-29D61F42B0DF}
		{6C7F05F9-2690-4CCF-A78A-D328F64B9D5D} = {B9CC9D48-85C4-44EE-8AA4-29D61F42B0DF}
		{CC224D94-3B22-4674-942D-9E6948A85CD1} = {B9CC9D48-85C4-44EE-8AA4-29D61F42B0DF}
		{D4695504-1865-4AFA-A766-9C5C70446433} = {526DB296-7636-464D-A1FA-350E29D077F5}
		{40DF62B8-84D2-4642-A725-FE2AD358EB2E} = {B9CC9D48-85C4-44EE-8AA4-29D61F42B0DF}
		{6632BBF0-8CAF-4407-B71F-C9A137E3532A} = {380B96E6-9DB9-4369-ABD2-770232A54CB5}
	EndGlobalSection
	GlobalSection(ExtensibilityGlobals) = postSolution
		SolutionGuid = {F3DB9857-4D88-4CC5-9165-411C68DAC2FB}
	EndGlobalSection
EndGlobal
